
Microsoft Visual Studio Solution File, Format Version 12.00
# Visual Studio Version 17
VisualStudioVersion = 17.1.32421.90
MinimumVisualStudioVersion = 10.0.40219.1
Project("{9A19103F-16F7-4668-BE54-9A1E7A4F7556}") = "WinFormsTemperaureConverter", "WinFormsTemperatureConverter\WinFormsTemperaureConverter.csproj", "{4D7F8138-6B1A-4E80-83AF-9C71C0F960DD}"
EndProject
Global
	GlobalSection(SolutionConfigurationPlatforms) = preSolution
		Debug|Any CPU = Debug|Any CPU
		Release|Any CPU = Release|Any CPU
	EndGlobalSection
	GlobalSection(ProjectConfigurationPlatforms) = postSolution
		{4D7F8138-6B1A-4E80-83AF-9C71C0F960DD}.Debug|Any CPU.ActiveCfg = Debug|Any CPU
		{4D7F8138-6B1A-4E80-83AF-9C71C0F960DD}.Debug|Any CPU.Build.0 = Debug|Any CPU
		{4D7F8138-6B1A-4E80-83AF-9C71C0F960DD}.Release|Any CPU.ActiveCfg = Release|Any CPU
		{4D7F8138-6B1A-4E80-83AF-9C71C0F960DD}.Release|Any CPU.Build.0 = Release|Any CPU
	EndGlobalSection
	GlobalSection(SolutionProperties) = preSolution
		HideSolutionNode = FALSE
	EndGlobalSection
	GlobalSection(ExtensibilityGlobals) = postSolution
		SolutionGuid = {FA584599-67E4-4972-A127-2E18AD385401}
	EndGlobalSection
EndGlobal
